schema: '2.0'
stages:
  prepare:
    cmd: python src/prepare.py --config=params.yaml
    deps:
    - path: data/init/titanic.zip
      md5: 10f742b24e336c6671dda8bdaa5580a6
      size: 34877
    - path: params.yaml
      md5: ba142f15b48ea12b6f1edc1cd7d3fd80
      size: 1105
    - path: src/prepare.py
      md5: 2993fb71f60b27840454381e942f54b7
      size: 2087
    outs:
    - path: data/prepared
      md5: 15bd42ef203c988a19133b86c8b874b0.dir
      size: 80207
      nfiles: 3
  featurize:
    cmd: python src/featurize.py --config=params.yaml
    deps:
    - path: data/prepared
      md5: 15bd42ef203c988a19133b86c8b874b0.dir
      size: 80207
      nfiles: 3
    - path: params.yaml
      md5: ba142f15b48ea12b6f1edc1cd7d3fd80
      size: 1105
    - path: src/featurize.py
      md5: 5a0a653a30c6fe65d47604ae9c4e3881
      size: 3957
    outs:
    - path: data/featurized
      md5: 03bf8903d83973a68508d7811877ca4b.dir
      size: 98767
      nfiles: 3
  train:
    cmd: python src/train.py --config=params.yaml
    deps:
    - path: data/featurized
      md5: 03bf8903d83973a68508d7811877ca4b.dir
      size: 98767
      nfiles: 3
    - path: params.yaml
      md5: ba142f15b48ea12b6f1edc1cd7d3fd80
      size: 1105
    - path: src/featurize.py
      md5: 5a0a653a30c6fe65d47604ae9c4e3881
      size: 3957
    - path: src/train.py
      md5: 52b5c6dffa9571eb76fe8f8b3cf3024f
      size: 1331
    params:
      params.yaml:
        train.n_estim: 1396
    outs:
    - path: models/model.pkl
      md5: 1c9bab2f6b0cb7ebb1e885cea8e2e854
      size: 7067639
  evaluate:
    cmd: python src/evaluate.py --config=params.yaml
    deps:
    - path: models/model.pkl
      md5: 1c9bab2f6b0cb7ebb1e885cea8e2e854
      size: 7067639
    - path: src/evaluate.py
      md5: a83b2c5fc583bfc80c753ec446982f3d
      size: 3408
    - path: src/train.py
      md5: 52b5c6dffa9571eb76fe8f8b3cf3024f
      size: 1331
    outs:
    - path: reports/scores.json
      md5: 28579cf1794be10c51c4bb4d17bdfdb3
      size: 164
