schema: '2.0'
stages:
  prepare:
    cmd: python src/stages/prepare.py --config=params.yaml
    deps:
    - path: data/init/titanic.zip
      md5: 10f742b24e336c6671dda8bdaa5580a6
      size: 34877
    - path: src/stages/prepare.py
      md5: 816b3318b906d07be04d08b1c7029060
      size: 1898
    outs:
    - path: data/prepared
      md5: 86f1d7cb498bcd01fb5fafa997e26fb4.dir
      size: 91604
      nfiles: 3
  featurize:
    cmd: python src/stages/featurize.py --config=params.yaml
    deps:
    - path: data/prepared
      md5: 86f1d7cb498bcd01fb5fafa997e26fb4.dir
      size: 91604
      nfiles: 3
    - path: src/stages/featurize.py
      md5: 12a255e844398aaf5d99f4537636ff7d
      size: 2828
    outs:
    - path: data/featurized
      md5: 2d871c6d9044c8105e3fe7f5b5217d05.dir
      size: 37263
      nfiles: 2
  train:
    cmd: python src/stages/train.py --config=params.yaml
    deps:
    - path: data/featurized
      md5: 2d871c6d9044c8105e3fe7f5b5217d05.dir
      size: 37263
      nfiles: 2
    - path: src/stages/featurize.py
      md5: 12a255e844398aaf5d99f4537636ff7d
      size: 2828
    - path: src/stages/train.py
      md5: 2532b0256ffd6655b5f6b4ec895a8947
      size: 1109
    params:
      params.yaml:
        train.n_estim: 200
    outs:
    - path: models/model.pkl
      md5: 4d3d2c140636ad96b877222fc49e56d2
      size: 3962799
  evaluate:
    cmd: python src/stages/evaluate.py --config=params.yaml
    deps:
    - path: models/model.pkl
      md5: 4ec13c429463104732e0cdadd8e2515c
      size: 15765697
    - path: src/stages/evaluate.py
      md5: 7af84aa0fe718b9a2e721c9cc0034073
      size: 3339
    - path: src/stages/train.py
      md5: 2532b0256ffd6655b5f6b4ec895a8947
      size: 1109
    outs:
    - path: reports/scores.json
      md5: 0745a8f74b1a773fc424a8822d91b7de
      size: 164
